
Microsoft Visual Studio Solution File, Format Version 12.00
# Visual Studio Version 17
VisualStudioVersion = 17.12.35707.178
MinimumVisualStudioVersion = 10.0.40219.1
Project("{FAE04EC0-301F-11D3-BF4B-00C04F79EFBC}") = "ApolloFM", "ApolloFM\ApolloFM.csproj", "{D79DDEF9-016C-49C6-B565-7B217DA25F96}"
EndProject
Project("{FAE04EC0-301F-11D3-BF4B-00C04F79EFBC}") = "FM.Application", "FM.Application\FM.Application.csproj", "{6A596FED-ABED-4604-8072-D577F99AA9F4}"
EndProject
Project("{FAE04EC0-301F-11D3-BF4B-00C04F79EFBC}") = "FM.Domain", "FM.Domain\FM.Domain.csproj", "{2248F0B7-D90D-4845-8339-27C53C383B40}"
EndProject
Project("{FAE04EC0-301F-11D3-BF4B-00C04F79EFBC}") = "FM.Infrastructure", "FM.Infrastructure\FM.Infrastructure.csproj", "{47805446-81EC-4145-91ED-7EE29B78CE66}"
EndProject
Project("{FAE04EC0-301F-11D3-BF4B-00C04F79EFBC}") = "FM.Test", "FM.Test\FM.Test.csproj", "{2F94FE32-00F9-4250-B048-2D4EAE109544}"
EndProject
Project("{FAE04EC0-301F-11D3-BF4B-00C04F79EFBC}") = "FM.Presentation", "FM.Presentation\FM.Presentation.csproj", "{AFF91178-BBE6-4A02-83DF-59B0ED033469}"
EndProject
Project("{FAE04EC0-301F-11D3-BF4B-00C04F79EFBC}") = "ApolloAPI", "ApolloAPI\ApolloAPI.csproj", "{A6229141-4EE6-4333-A7FA-77E745A07418}"
EndProject
Global
	GlobalSection(SolutionConfigurationPlatforms) = preSolution
		Debug|Any CPU = Debug|Any CPU
		Release|Any CPU = Release|Any CPU
	EndGlobalSection
	GlobalSection(ProjectConfigurationPlatforms) = postSolution
		{D79DDEF9-016C-49C6-B565-7B217DA25F96}.Debug|Any CPU.ActiveCfg = Debug|Any CPU
		{D79DDEF9-016C-49C6-B565-7B217DA25F96}.Debug|Any CPU.Build.0 = Debug|Any CPU
		{D79DDEF9-016C-49C6-B565-7B217DA25F96}.Release|Any CPU.ActiveCfg = Release|Any CPU
		{D79DDEF9-016C-49C6-B565-7B217DA25F96}.Release|Any CPU.Build.0 = Release|Any CPU
		{6A596FED-ABED-4604-8072-D577F99AA9F4}.Debug|Any CPU.ActiveCfg = Debug|Any CPU
		{6A596FED-ABED-4604-8072-D577F99AA9F4}.Debug|Any CPU.Build.0 = Debug|Any CPU
		{6A596FED-ABED-4604-8072-D577F99AA9F4}.Release|Any CPU.ActiveCfg = Release|Any CPU
		{6A596FED-ABED-4604-8072-D577F99AA9F4}.Release|Any CPU.Build.0 = Release|Any CPU
		{2248F0B7-D90D-4845-8339-27C53C383B40}.Debug|Any CPU.ActiveCfg = Debug|Any CPU
		{2248F0B7-D90D-4845-8339-27C53C383B40}.Debug|Any CPU.Build.0 = Debug|Any CPU
		{2248F0B7-D90D-4845-8339-27C53C383B40}.Release|Any CPU.ActiveCfg = Release|Any CPU
		{2248F0B7-D90D-4845-8339-27C53C383B40}.Release|Any CPU.Build.0 = Release|Any CPU
		{47805446-81EC-4145-91ED-7EE29B78CE66}.Debug|Any CPU.ActiveCfg = Debug|Any CPU
		{47805446-81EC-4145-91ED-7EE29B78CE66}.Debug|Any CPU.Build.0 = Debug|Any CPU
		{47805446-81EC-4145-91ED-7EE29B78CE66}.Release|Any CPU.ActiveCfg = Release|Any CPU
		{47805446-81EC-4145-91ED-7EE29B78CE66}.Release|Any CPU.Build.0 = Release|Any CPU
		{2F94FE32-00F9-4250-B048-2D4EAE109544}.Debug|Any CPU.ActiveCfg = Debug|Any CPU
		{2F94FE32-00F9-4250-B048-2D4EAE109544}.Debug|Any CPU.Build.0 = Debug|Any CPU
		{2F94FE32-00F9-4250-B048-2D4EAE109544}.Release|Any CPU.ActiveCfg = Release|Any CPU
		{2F94FE32-00F9-4250-B048-2D4EAE109544}.Release|Any CPU.Build.0 = Release|Any CPU
		{AFF91178-BBE6-4A02-83DF-59B0ED033469}.Debug|Any CPU.ActiveCfg = Debug|Any CPU
		{AFF91178-BBE6-4A02-83DF-59B0ED033469}.Debug|Any CPU.Build.0 = Debug|Any CPU
		{AFF91178-BBE6-4A02-83DF-59B0ED033469}.Release|Any CPU.ActiveCfg = Release|Any CPU
		{AFF91178-BBE6-4A02-83DF-59B0ED033469}.Release|Any CPU.Build.0 = Release|Any CPU
		{A6229141-4EE6-4333-A7FA-77E745A07418}.Debug|Any CPU.ActiveCfg = Debug|Any CPU
		{A6229141-4EE6-4333-A7FA-77E745A07418}.Debug|Any CPU.Build.0 = Debug|Any CPU
		{A6229141-4EE6-4333-A7FA-77E745A07418}.Release|Any CPU.ActiveCfg = Release|Any CPU
		{A6229141-4EE6-4333-A7FA-77E745A07418}.Release|Any CPU.Build.0 = Release|Any CPU
	EndGlobalSection
	GlobalSection(SolutionProperties) = preSolution
		HideSolutionNode = FALSE
	EndGlobalSection
EndGlobal
